// !$*UTF8*$!
{
	archiveVersion = 1;
	classes = {
	};
	objectVersion = 50;
	objects = {

/* Begin PBXBuildFile section */
		189025C92200183C000BD171 /* AppDelegate.swift in Sources */ = {isa = PBXBuildFile; fileRef = 189025C82200183C000BD171 /* AppDelegate.swift */; };
		189025CB2200183C000BD171 /* PlaceViewController.swift in Sources */ = {isa = PBXBuildFile; fileRef = 189025CA2200183C000BD171 /* PlaceViewController.swift */; };
		189025CD2200183C000BD171 /* MapViewController.swift in Sources */ = {isa = PBXBuildFile; fileRef = 189025CC2200183C000BD171 /* MapViewController.swift */; };
		189025D02200183C000BD171 /* Main.storyboard in Resources */ = {isa = PBXBuildFile; fileRef = 189025CE2200183C000BD171 /* Main.storyboard */; };
		189025D22200183D000BD171 /* Assets.xcassets in Resources */ = {isa = PBXBuildFile; fileRef = 189025D12200183D000BD171 /* Assets.xcassets */; };
		189025D52200183D000BD171 /* LaunchScreen.storyboard in Resources */ = {isa = PBXBuildFile; fileRef = 189025D32200183D000BD171 /* LaunchScreen.storyboard */; };
		189025DD22001D3F000BD171 /* Location.swift in Sources */ = {isa = PBXBuildFile; fileRef = 189025DC22001D3F000BD171 /* Location.swift */; };
		189025DF22001D51000BD171 /* LocationStorage.swift in Sources */ = {isa = PBXBuildFile; fileRef = 189025DE22001D51000BD171 /* LocationStorage.swift */; };
		189025E12200278A000BD171 /* PlaceCell.swift in Sources */ = {isa = PBXBuildFile; fileRef = 189025E02200278A000BD171 /* PlaceCell.swift */; };
/* End PBXBuildFile section */

/* Begin PBXFileReference section */
		189025C52200183C000BD171 /* Waytracking.app */ = {isa = PBXFileReference; explicitFileType = wrapper.application; includeInIndex = 0; path = Waytracking.app; sourceTree = BUILT_PRODUCTS_DIR; };
		189025C82200183C000BD171 /* AppDelegate.swift */ = {isa = PBXFileReference; lastKnownFileType = sourcecode.swift; path = AppDelegate.swift; sourceTree = "<group>"; };
		189025CA2200183C000BD171 /* PlaceViewController.swift */ = {isa = PBXFileReference; lastKnownFileType = sourcecode.swift; path = PlaceViewController.swift; sourceTree = "<group>"; };
		189025CC2200183C000BD171 /* MapViewController.swift */ = {isa = PBXFileReference; lastKnownFileType = sourcecode.swift; path = MapViewController.swift; sourceTree = "<group>"; };
		189025CF2200183C000BD171 /* Base */ = {isa = PBXFileReference; lastKnownFileType = file.storyboard; name = Base; path = Base.lproj/Main.storyboard; sourceTree = "<group>"; };
		189025D12200183D000BD171 /* Assets.xcassets */ = {isa = PBXFileReference; lastKnownFileType = folder.assetcatalog; path = Assets.xcassets; sourceTree = "<group>"; };
		189025D42200183D000BD171 /* Base */ = {isa = PBXFileReference; lastKnownFileType = file.storyboard; name = Base; path = Base.lproj/LaunchScreen.storyboard; sourceTree = "<group>"; };
		189025D62200183D000BD171 /* Info.plist */ = {isa = PBXFileReference; lastKnownFileType = text.plist.xml; path = Info.plist; sourceTree = "<group>"; };
		189025DC22001D3F000BD171 /* Location.swift */ = {isa = PBXFileReference; lastKnownFileType = sourcecode.swift; path = Location.swift; sourceTree = "<group>"; };
		189025DE22001D51000BD171 /* LocationStorage.swift */ = {isa = PBXFileReference; lastKnownFileType = sourcecode.swift; path = LocationStorage.swift; sourceTree = "<group>"; };
		189025E02200278A000BD171 /* PlaceCell.swift */ = {isa = PBXFileReference; lastKnownFileType = sourcecode.swift; path = PlaceCell.swift; sourceTree = "<group>"; };
		18B9E44A22015E44004DA4A1 /* Route.gpx */ = {isa = PBXFileReference; lastKnownFileType = text.xml; path = Route.gpx; sourceTree = "<group>"; };
/* End PBXFileReference section */

/* Begin PBXFrameworksBuildPhase section */
		189025C22200183C000BD171 /* Frameworks */ = {
			isa = PBXFrameworksBuildPhase;
			buildActionMask = 2147483647;
			files = (
			);
			runOnlyForDeploymentPostprocessing = 0;
		};
/* End PBXFrameworksBuildPhase section */

/* Begin PBXGroup section */
		189025BC2200183C000BD171 = {
			isa = PBXGroup;
			children = (
				18B9E44A22015E44004DA4A1 /* Route.gpx */,
				189025C72200183C000BD171 /* Waytracking */,
				189025C62200183C000BD171 /* Products */,
			);
			sourceTree = "<group>";
		};
		189025C62200183C000BD171 /* Products */ = {
			isa = PBXGroup;
			children = (
				189025C52200183C000BD171 /* Waytracking.app */,
			);
			name = Products;
			sourceTree = "<group>";
		};
		189025C72200183C000BD171 /* Waytracking */ = {
			isa = PBXGroup;
			children = (
				189025C82200183C000BD171 /* AppDelegate.swift */,
				189025CA2200183C000BD171 /* PlaceViewController.swift */,
				189025CC2200183C000BD171 /* MapViewController.swift */,
				189025CE2200183C000BD171 /* Main.storyboard */,
				189025D12200183D000BD171 /* Assets.xcassets */,
				189025D32200183D000BD171 /* LaunchScreen.storyboard */,
				189025D62200183D000BD171 /* Info.plist */,
				189025DC22001D3F000BD171 /* Location.swift */,
				189025DE22001D51000BD171 /* LocationStorage.swift */,
				189025E02200278A000BD171 /* PlaceCell.swift */,
			);
			path = Waytracking;
			sourceTree = "<group>";
		};
/* End PBXGroup section */

/* Begin PBXNativeTarget section */
		189025C42200183C000BD171 /* Waytracking */ = {
			isa = PBXNativeTarget;
			buildConfigurationList = 189025D92200183D000BD171 /* Build configuration list for PBXNativeTarget "Waytracking" */;
			buildPhases = (
				189025C12200183C000BD171 /* Sources */,
				189025C22200183C000BD171 /* Frameworks */,
				189025C32200183C000BD171 /* Resources */,
			);
			buildRules = (
			);
			dependencies = (
			);
			name = Waytracking;
			productName = Waytracking;
			productReference = 189025C52200183C000BD171 /* Waytracking.app */;
			productType = "com.apple.product-type.application";
		};
/* End PBXNativeTarget section */

/* Begin PBXProject section */
		189025BD2200183C000BD171 /* Project object */ = {
			isa = PBXProject;
			attributes = {
				LastSwiftUpdateCheck = 1010;
				LastUpgradeCheck = 1010;
				ORGANIZATIONNAME = Apple;
				TargetAttributes = {
					189025C42200183C000BD171 = {
						CreatedOnToolsVersion = 10.1;
						SystemCapabilities = {
							com.apple.BackgroundModes = {
								enabled = 1;
							};
						};
					};
				};
			};
			buildConfigurationList = 189025C02200183C000BD171 /* Build configuration list for PBXProject "Waytracking" */;
			compatibilityVersion = "Xcode 9.3";
			developmentRegion = en;
			hasScannedForEncodings = 0;
			knownRegions = (
				en,
				Base,
			);
			mainGroup = 189025BC2200183C000BD171;
			productRefGroup = 189025C62200183C000BD171 /* Products */;
			projectDirPath = "";
			projectRoot = "";
			targets = (
				189025C42200183C000BD171 /* Waytracking */,
			);
		};
/* End PBXProject section */

/* Begin PBXResourcesBuildPhase section */
		189025C32200183C000BD171 /* Resources */ = {
			isa = PBXResourcesBuildPhase;
			buildActionMask = 2147483647;
			files = (
				189025D52200183D000BD171 /* LaunchScreen.storyboard in Resources */,
				189025D22200183D000BD171 /* Assets.xcassets in Resources */,
				189025D02200183C000BD171 /* Main.storyboard in Resources */,
			);
			runOnlyForDeploymentPostprocessing = 0;
		};
/* End PBXResourcesBuildPhase section */

/* Begin PBXSourcesBuildPhase section */
		189025C12200183C000BD171 /* Sources */ = {
			isa = PBXSourcesBuildPhase;
			buildActionMask = 2147483647;
			files = (
				189025DF22001D51000BD171 /* LocationStorage.swift in Sources */,
				189025CD2200183C000BD171 /* MapViewController.swift in Sources */,
				189025C92200183C000BD171 /* AppDelegate.swift in Sources */,
				189025DD22001D3F000BD171 /* Location.swift in Sources */,
				189025CB2200183C000BD171 /* PlaceViewController.swift in Sources */,
				189025E12200278A000BD171 /* PlaceCell.swift in Sources */,
			);
			runOnlyForDeploymentPostprocessing = 0;
		};
/* End PBXSourcesBuildPhase section */

/* Begin PBXVariantGroup section */
		189025CE2200183C000BD171 /* Main.storyboard */ = {
			isa = PBXVariantGroup;
			children = (
				189025CF2200183C000BD171 /* Base */,
			);
			name = Main.storyboard;
			sourceTree = "<group>";
		};
		189025D32200183D000BD171 /* LaunchScreen.storyboard */ = {
			isa = PBXVariantGroup;
			children = (
				189025D42200183D000BD171 /* Base */,
			);
			name = LaunchScreen.storyboard;
			sourceTree = "<group>";
		};
/* End PBXVariantGroup section */

/* Begin XCBuildConfiguration section */
		189025D72200183D000BD171 /* Debug */ = {
			isa = XCBuildConfiguration;
			buildSettings = {
				ALWAYS_SEARCH_USER_PATHS = NO;
				CLANG_ANALYZER_NONNULL = YES;
				CLANG_ANALYZER_NUMBER_OBJECT_CONVERSION = YES_AGGRESSIVE;
				CLANG_CXX_LANGUAGE_STANDARD = "gnu++14";
				CLANG_CXX_LIBRARY = "libc++";
				CLANG_ENABLE_MODULES = YES;
				CLANG_ENABLE_OBJC_ARC = YES;
				CLANG_ENABLE_OBJC_WEAK = YES;
				CLANG_WARN_BLOCK_CAPTURE_AUTORELEASING = YES;
				CLANG_WARN_BOOL_CONVERSION = YES;
				CLANG_WARN_COMMA = YES;
				CLANG_WARN_CONSTANT_CONVERSION = YES;
				CLANG_WARN_DEPRECATED_OBJC_IMPLEMENTATIONS = YES;
				CLANG_WARN_DIRECT_OBJC_ISA_USAGE = YES_ERROR;
				CLANG_WARN_DOCUMENTATION_COMMENTS = YES;
				CLANG_WARN_EMPTY_BODY = YES;
				CLANG_WARN_ENUM_CONVERSION = YES;
				CLANG_WARN_INFINITE_RECURSION = YES;
				CLANG_WARN_INT_CONVERSION = YES;
				CLANG_WARN_NON_LITERAL_NULL_CONVERSION = YES;
				CLANG_WARN_OBJC_IMPLICIT_RETAIN_SELF = YES;
				CLANG_WARN_OBJC_LITERAL_CONVERSION = YES;
				CLANG_WARN_OBJC_ROOT_CLASS = YES_ERROR;
				CLANG_WARN_RANGE_LOOP_ANALYSIS = YES;
				CLANG_WARN_STRICT_PROTOTYPES = YES;
				CLANG_WARN_SUSPICIOUS_MOVE = YES;
				CLANG_WARN_UNGUARDED_AVAILABILITY = YES_AGGRESSIVE;
				CLANG_WARN_UNREACHABLE_CODE = YES;
				CLANG_WARN__DUPLICATE_METHOD_MATCH = YES;
				CODE_SIGN_IDENTITY = "iPhone Developer";
				COPY_PHASE_STRIP = NO;
				DEBUG_INFORMATION_FORMAT = dwarf;
				ENABLE_STRICT_OBJC_MSGSEND = YES;
				ENABLE_TESTABILITY = YES;
				GCC_C_LANGUAGE_STANDARD = gnu11;
				GCC_DYNAMIC_NO_PIC = NO;
				GCC_NO_COMMON_BLOCKS = YES;
				GCC_OPTIMIZATION_LEVEL = 0;
				GCC_PREPROCESSOR_DEFINITIONS = (
					"DEBUG=1",
					"$(inherited)",
				);
				GCC_WARN_64_TO_32_BIT_CONVERSION = YES;
				GCC_WARN_ABOUT_RETURN_TYPE = YES_ERROR;
				GCC_WARN_UNDECLARED_SELECTOR = YES;
				GCC_WARN_UNINITIALIZED_AUTOS = YES_AGGRESSIVE;
				GCC_WARN_UNUSED_FUNCTION = YES;
				GCC_WARN_UNUSED_VARIABLE = YES;
				IPHONEOS_DEPLOYMENT_TARGET = 12.1;
				MTL_ENABLE_DEBUG_INFO = INCLUDE_SOURCE;
				MTL_FAST_MATH = YES;
				ONLY_ACTIVE_ARCH = YES;
				SDKROOT = iphoneos;
				SWIFT_ACTIVE_COMPILATION_CONDITIONS = DEBUG;
				SWIFT_OPTIMIZATION_LEVEL = "-Onone";
			};
			name = Debug;
		};
		189025D82200183D000BD171 /* Release */ = {
			isa = XCBuildConfiguration;
			buildSettings = {
				ALWAYS_SEARCH_USER_PATHS = NO;
				CLANG_ANALYZER_NONNULL = YES;
				CLANG_ANALYZER_NUMBER_OBJECT_CONVERSION = YES_AGGRESSIVE;
				CLANG_CXX_LANGUAGE_STANDARD = "gnu++14";
				CLANG_CXX_LIBRARY = "libc++";
				CLANG_ENABLE_MODULES = YES;
				CLANG_ENABLE_OBJC_ARC = YES;
				CLANG_ENABLE_OBJC_WEAK = YES;
				CLANG_WARN_BLOCK_CAPTURE_AUTORELEASING = YES;
				CLANG_WARN_BOOL_CONVERSION = YES;
				CLANG_WARN_COMMA = YES;
				CLANG_WARN_CONSTANT_CONVERSION = YES;
				CLANG_WARN_DEPRECATED_OBJC_IMPLEMENTATIONS = YES;
				CLANG_WARN_DIRECT_OBJC_ISA_USAGE = YES_ERROR;
				CLANG_WARN_DOCUMENTATION_COMMENTS = YES;
				CLANG_WARN_EMPTY_BODY = YES;
				CLANG_WARN_ENUM_CONVERSION = YES;
				CLANG_WARN_INFINITE_RECURSION = YES;
				CLANG_WARN_INT_CONVERSION = YES;
				CLANG_WARN_NON_LITERAL_NULL_CONVERSION = YES;
				CLANG_WARN_OBJC_IMPLICIT_RETAIN_SELF = YES;
				CLANG_WARN_OBJC_LITERAL_CONVERSION = YES;
				CLANG_WARN_OBJC_ROOT_CLASS = YES_ERROR;
				CLANG_WARN_RANGE_LOOP_ANALYSIS = YES;
				CLANG_WARN_STRICT_PROTOTYPES = YES;
				CLANG_WARN_SUSPICIOUS_MOVE = YES;
				CLANG_WARN_UNGUARDED_AVAILABILITY = YES_AGGRESSIVE;
				CLANG_WARN_UNREACHABLE_CODE = YES;
				CLANG_WARN__DUPLICATE_METHOD_MATCH = YES;
				CODE_SIGN_IDENTITY = "iPhone Developer";
				COPY_PHASE_STRIP = NO;
				DEBUG_INFORMATION_FORMAT = "dwarf-with-dsym";
				ENABLE_NS_ASSERTIONS = NO;
				ENABLE_STRICT_OBJC_MSGSEND = YES;
				GCC_C_LANGUAGE_STANDARD = gnu11;
				GCC_NO_COMMON_BLOCKS = YES;
				GCC_WARN_64_TO_32_BIT_CONVERSION = YES;
				GCC_WARN_ABOUT_RETURN_TYPE = YES_ERROR;
				GCC_WARN_UNDECLARED_SELECTOR = YES;
				GCC_WARN_UNINITIALIZED_AUTOS = YES_AGGRESSIVE;
				GCC_WARN_UNUSED_FUNCTION = YES;
				GCC_WARN_UNUSED_VARIABLE = YES;
				IPHONEOS_DEPLOYMENT_TARGET = 12.1;
				MTL_ENABLE_DEBUG_INFO = NO;
				MTL_FAST_MATH = YES;
				SDKROOT = iphoneos;
				SWIFT_COMPILATION_MODE = wholemodule;
				SWIFT_OPTIMIZATION_LEVEL = "-O";
				VALIDATE_PRODUCT = YES;
			};
			name = Release;
		};
		189025DA2200183D000BD171 /* Debug */ = {
			isa = XCBuildConfiguration;
			buildSettings = {
				ASSETCATALOG_COMPILER_APPICON_NAME = AppIcon;
				CODE_SIGN_STYLE = Automatic;
				INFOPLIST_FILE = Waytracking/Info.plist;
				LD_RUNPATH_SEARCH_PATHS = (
					"$(inherited)",
					"@executable_path/Frameworks",
				);
				PRODUCT_BUNDLE_IDENTIFIER = "-23.Waytracking";
				PRODUCT_NAME = "$(TARGET_NAME)";
				SWIFT_VERSION = 4.2;
				TARGETED_DEVICE_FAMILY = "1,2";
			};
			name = Debug;
		};
		189025DB2200183D000BD171 /* Release */ = {
			isa = XCBuildConfiguration;
			buildSettings = {
				ASSETCATALOG_COMPILER_APPICON_NAME = AppIcon;
				CODE_SIGN_STYLE = Automatic;
				INFOPLIST_FILE = Waytracking/Info.plist;
				LD_RUNPATH_SEARCH_PATHS = (
					"$(inherited)",
					"@executable_path/Frameworks",
				);
				PRODUCT_BUNDLE_IDENTIFIER = "-23.Waytracking";
				PRODUCT_NAME = "$(TARGET_NAME)";
				SWIFT_VERSION = 4.2;
				TARGETED_DEVICE_FAMILY = "1,2";
			};
			name = Release;
		};
/* End XCBuildConfiguration section */

/* Begin XCConfigurationList section */
		189025C02200183C000BD171 /* Build configuration list for PBXProject "Waytracking" */ = {
			isa = XCConfigurationList;
			buildConfigurations = (
				189025D72200183D000BD171 /* Debug */,
				189025D82200183D000BD171 /* Release */,
			);
			defaultConfigurationIsVisible = 0;
			defaultConfigurationName = Release;
		};
		189025D92200183D000BD171 /* Build configuration list for PBXNativeTarget "Waytracking" */ = {
			isa = XCConfigurationList;
			buildConfigurations = (
				189025DA2200183D000BD171 /* Debug */,
				189025DB2200183D000BD171 /* Release */,
			);
			defaultConfigurationIsVisible = 0;
			defaultConfigurationName = Release;
		};
/* End XCConfigurationList section */
	};
	rootObject = 189025BD2200183C000BD171 /* Project object */;
}
